
Microsoft Visual Studio Solution File, Format Version 12.00
Project("{FAE04EC0-301F-11D3-BF4B-00C04F79EFBC}") = "Cli", "Cli\Cli.csproj", "{C01DAB2D-C368-4168-A673-C8B1FD7B90E0}"
EndProject
Project("{FAE04EC0-301F-11D3-BF4B-00C04F79EFBC}") = "Lib", "Lib\Lib.csproj", "{DDD13FD9-AC4D-4B24-B872-394D7AD87A59}"
EndProject
Global
	GlobalSection(SolutionConfigurationPlatforms) = preSolution
		Debug|Any CPU = Debug|Any CPU
		Release|Any CPU = Release|Any CPU
	EndGlobalSection
	GlobalSection(ProjectConfigurationPlatforms) = postSolution
		{C01DAB2D-C368-4168-A673-C8B1FD7B90E0}.Debug|Any CPU.ActiveCfg = Debug|Any CPU
		{C01DAB2D-C368-4168-A673-C8B1FD7B90E0}.Debug|Any CPU.Build.0 = Debug|Any CPU
		{C01DAB2D-C368-4168-A673-C8B1FD7B90E0}.Release|Any CPU.ActiveCfg = Release|Any CPU
		{C01DAB2D-C368-4168-A673-C8B1FD7B90E0}.Release|Any CPU.Build.0 = Release|Any CPU
		{DDD13FD9-AC4D-4B24-B872-394D7AD87A59}.Debug|Any CPU.ActiveCfg = Debug|Any CPU
		{DDD13FD9-AC4D-4B24-B872-394D7AD87A59}.Debug|Any CPU.Build.0 = Debug|Any CPU
		{DDD13FD9-AC4D-4B24-B872-394D7AD87A59}.Release|Any CPU.ActiveCfg = Release|Any CPU
		{DDD13FD9-AC4D-4B24-B872-394D7AD87A59}.Release|Any CPU.Build.0 = Release|Any CPU
	EndGlobalSection
EndGlobal
